
Microsoft Visual Studio Solution File, Format Version 12.00
# Visual Studio Version 16
VisualStudioVersion = 16.0.29503.13
MinimumVisualStudioVersion = 10.0.40219.1
Project("{9A19103F-16F7-4668-BE54-9A1E7A4F7556}") = "basicServiceContainer", "basicServiceContainer.csproj", "{D2E1C5C1-91E8-4E75-8639-6F4C97E1BDF6}"
EndProject
Global
	GlobalSection(SolutionConfigurationPlatforms) = preSolution
		Debug|Any CPU = Debug|Any CPU
		Release|Any CPU = Release|Any CPU
	EndGlobalSection
	GlobalSection(ProjectConfigurationPlatforms) = postSolution
		{D2E1C5C1-91E8-4E75-8639-6F4C97E1BDF6}.Debug|Any CPU.ActiveCfg = Debug|Any CPU
		{D2E1C5C1-91E8-4E75-8639-6F4C97E1BDF6}.Debug|Any CPU.Build.0 = Debug|Any CPU
		{D2E1C5C1-91E8-4E75-8639-6F4C97E1BDF6}.Release|Any CPU.ActiveCfg = Release|Any CPU
		{D2E1C5C1-91E8-4E75-8639-6F4C97E1BDF6}.Release|Any CPU.Build.0 = Release|Any CPU
	EndGlobalSection
	GlobalSection(SolutionProperties) = preSolution
		HideSolutionNode = FALSE
	EndGlobalSection
	GlobalSection(ExtensibilityGlobals) = postSolution
		SolutionGuid = {BDBBC975-AA89-432B-A7CD-7F0811F64D56}
	EndGlobalSection
EndGlobal
